<?xml version="1.0" encoding="utf-8"?>
<Project ToolsVersion="4.0" xmlns="http://schemas.microsoft.com/developer/msbuild/2003">
  <ItemGroup>
    <Filter Include="Source Files">
      <UniqueIdentifier>{4FC737F1-C7A5-4376-A066-2A32D752A2FF}</UniqueIdentifier>
      <Extensions>cpp;c;cc;cxx;def;odl;idl;hpj;bat;asm;asmx</Extensions>
    </Filter>
    <Filter Include="Header Files">
      <UniqueIdentifier>{93995380-89BD-4b04-88EB-625FBE52EBFB}</UniqueIdentifier>
      <Extensions>h;hh;hpp;hxx;hm;inl;inc;ipp;xsd</Extensions>
    </Filter>
    <Filter Include="Shader Files">
      <UniqueIdentifier>{a96a0134-e758-46a5-95e6-6de1beb53279}</UniqueIdentifier>
    </Filter>
    <Filter Include="Model Files">
      <UniqueIdentifier>{b5730fd0-fe5d-46d9-8e60-99c8b227d18c}</UniqueIdentifier>
    </Filter>
  </ItemGroup>
  <ItemGroup>
    <ClCompile Include="..\samples\brickBreaker\source\App.cpp">
      <Filter>Source Files</Filter>
    </ClCompile>
    <ClCompile Include="..\samples\brickBreaker\source\main.cpp">
      <Filter>Source Files</Filter>
    </ClCompile>
  </ItemGroup>
  <ItemGroup>
    <ClInclude Include="..\samples\brickBreaker\source\App.h">
      <Filter>Shader Files</Filter>
    </ClInclude>
  </ItemGroup>
  <ItemGroup>
    <None Include="..\samples\brickBreaker\data-files\model\brick3.ArticulatedModel.Any">
      <Filter>Model Files</Filter>
    </None>
    <None Include="..\samples\brickBreaker\data-files\model\brick1.ArticulatedModel.Any">
      <Filter>Model Files</Filter>
    </None>
    <None Include="..\samples\brickBreaker\data-files\model\brick2.ArticulatedModel.Any">
      <Filter>Model Files</Filter>
    </None>
    <None Include="..\samples\brickBreaker\data-files\scene\Level1.Scene.Any">
      <Filter>Model Files</Filter>
    </None>
    <None Include="..\samples\brickBreaker\data-files\model\brickRuby.ArticulatedModel.Any">
      <Filter>Model Files</Filter>
    </None>
  </ItemGroup>
</Project>