<?xml version="1.0" encoding="utf-8"?>
<Project ToolsVersion="4.0" xmlns="http://schemas.microsoft.com/developer/msbuild/2003">
  <ItemGroup>
    <Filter Include="Source Files">
      <UniqueIdentifier>{4FC737F1-C7A5-4376-A066-2A32D752A2FF}</UniqueIdentifier>
      <Extensions>cpp;c;cc;cxx;def;odl;idl;hpj;bat;asm;asmx</Extensions>
    </Filter>
    <Filter Include="Header Files">
      <UniqueIdentifier>{93995380-89BD-4b04-88EB-625FBE52EBFB}</UniqueIdentifier>
      <Extensions>h;hh;hpp;hxx;hm;inl;inc;xsd</Extensions>
    </Filter>
  </ItemGroup>
  <ItemGroup>
    <ClInclude Include="..\G3D-gfx.lib\include\G3D-gfx\G3D-gfx.h">
      <Filter>Header Files</Filter>
    </ClInclude>
    <ClInclude Include="..\G3D-gfx.lib\include\G3D-gfx\GEvent.h">
      <Filter>Header Files</Filter>
    </ClInclude>
    <ClInclude Include="..\G3D-gfx.lib\include\G3D-gfx\GKey.h">
      <Filter>Header Files</Filter>
    </ClInclude>
    <ClInclude Include="..\G3D-gfx.lib\include\G3D-gfx\glcalls.h">
      <Filter>Header Files</Filter>
    </ClInclude>
    <ClInclude Include="..\G3D-gfx.lib\include\G3D-gfx\GLCaps.h">
      <Filter>Header Files</Filter>
    </ClInclude>
    <ClInclude Include="..\G3D-gfx.lib\include\G3D-gfx\glFormat.h">
      <Filter>Header Files</Filter>
    </ClInclude>
    <ClInclude Include="..\G3D-gfx.lib\include\G3D-gfx\GLFWWindow.h">
      <Filter>Header Files</Filter>
    </ClInclude>
    <ClInclude Include="..\G3D-gfx.lib\include\G3D-gfx\glheaders.h">
      <Filter>Header Files</Filter>
    </ClInclude>
    <ClInclude Include="..\G3D-gfx.lib\include\G3D-gfx\GLPixelTransferBuffer.h">
      <Filter>Header Files</Filter>
    </ClInclude>
    <ClInclude Include="..\G3D-gfx.lib\include\G3D-gfx\GLSamplerObject.h">
      <Filter>Header Files</Filter>
    </ClInclude>
    <ClInclude Include="..\G3D-gfx.lib\include\G3D-gfx\Milestone.h">
      <Filter>Header Files</Filter>
    </ClInclude>
    <ClInclude Include="..\G3D-gfx.lib\include\G3D-gfx\OSWindow.h">
      <Filter>Header Files</Filter>
    </ClInclude>
    <ClInclude Include="..\G3D-gfx.lib\include\G3D-gfx\Profiler.h">
      <Filter>Header Files</Filter>
    </ClInclude>
    <ClInclude Include="..\G3D-gfx.lib\include\G3D-gfx\RenderDevice.h">
      <Filter>Header Files</Filter>
    </ClInclude>
    <ClInclude Include="..\G3D-gfx.lib\include\G3D-gfx\Sampler.h">
      <Filter>Header Files</Filter>
    </ClInclude>
    <ClInclude Include="..\G3D-gfx.lib\include\G3D-gfx\tesselate.h">
      <Filter>Header Files</Filter>
    </ClInclude>
    <ClInclude Include="..\G3D-gfx.lib\include\G3D-gfx\Texture.h">
      <Filter>Header Files</Filter>
    </ClInclude>
    <ClInclude Include="..\G3D-gfx.lib\include\G3D-gfx\UniformTable.h">
      <Filter>Header Files</Filter>
    </ClInclude>
    <ClInclude Include="..\G3D-gfx.lib\include\G3D-gfx\getOpenGLState.h">
      <Filter>Header Files</Filter>
    </ClInclude>
    <ClInclude Include="..\G3D-gfx.lib\include\G3D-gfx\Args.h">
      <Filter>Header Files</Filter>
    </ClInclude>
    <ClInclude Include="..\G3D-gfx.lib\source\directinput8.h">
      <Filter>Source Files</Filter>
    </ClInclude>
    <ClInclude Include="..\G3D-gfx.lib\include\G3D-gfx\AudioDevice.h">
      <Filter>Header Files</Filter>
    </ClInclude>
    <ClInclude Include="..\G3D-gfx.lib\include\G3D-gfx\AttributeArray.h">
      <Filter>Header Files</Filter>
    </ClInclude>
    <ClInclude Include="..\G3D-gfx.lib\include\G3D-gfx\BufferTexture.h">
      <Filter>Header Files</Filter>
    </ClInclude>
    <ClInclude Include="..\G3D-gfx.lib\include\G3D-gfx\CPUVertexArray.h">
      <Filter>Header Files</Filter>
    </ClInclude>
    <ClInclude Include="..\G3D-gfx.lib\include\G3D-gfx\DXCaps.h">
      <Filter>Header Files</Filter>
    </ClInclude>
    <ClInclude Include="..\G3D-gfx.lib\include\G3D-gfx\BindlessTextureHandle.h">
      <Filter>Header Files</Filter>
    </ClInclude>
    <ClInclude Include="..\G3D-gfx.lib\include\G3D-gfx\Framebuffer.h">
      <Filter>Header Files</Filter>
    </ClInclude>
    <ClInclude Include="..\G3D-gfx.lib\include\G3D-gfx\VertexBuffer.h">
      <Filter>Header Files</Filter>
    </ClInclude>
    <ClInclude Include="..\G3D-gfx.lib\include\G3D-gfx\Shader.h">
      <Filter>Header Files</Filter>
    </ClInclude>
    <ClInclude Include="..\G3D-gfx.lib\include\G3D-gfx\XR.h">
      <Filter>Header Files</Filter>
    </ClInclude>
    <ClInclude Include="..\G3D-gfx.lib\include\G3D-gfx\OpenVR.h">
      <Filter>Header Files</Filter>
    </ClInclude>
    <ClInclude Include="..\G3D-gfx.lib\include\G3D-gfx\MonitorXR.h">
      <Filter>Header Files</Filter>
    </ClInclude>
    <ClInclude Include="..\G3D-gfx.lib\include\G3D-gfx\VideoStream.h">
      <Filter>Header Files</Filter>
    </ClInclude>
    <ClInclude Include="..\G3D-gfx.lib\include\G3D-gfx\GazeTracker.h">
      <Filter>Header Files</Filter>
    </ClInclude>
  </ItemGroup>
  <ItemGroup>
    <ClCompile Include="..\G3D-gfx.lib\source\RenderDevice.cpp">
      <Filter>Source Files</Filter>
    </ClCompile>
    <ClCompile Include="..\G3D-gfx.lib\source\Shader.cpp">
      <Filter>Source Files</Filter>
    </ClCompile>
    <ClCompile Include="..\G3D-gfx.lib\source\tesselate.cpp">
      <Filter>Source Files</Filter>
    </ClCompile>
    <ClCompile Include="..\G3D-gfx.lib\source\Texture.cpp">
      <Filter>Source Files</Filter>
    </ClCompile>
    <ClCompile Include="..\G3D-gfx.lib\source\Texture_Preprocess.cpp">
      <Filter>Source Files</Filter>
    </ClCompile>
    <ClCompile Include="..\G3D-gfx.lib\source\Texture_Specification.cpp">
      <Filter>Source Files</Filter>
    </ClCompile>
    <ClCompile Include="..\G3D-gfx.lib\source\Texture_Visualization.cpp">
      <Filter>Source Files</Filter>
    </ClCompile>
    <ClCompile Include="..\G3D-gfx.lib\source\UniformTable.cpp">
      <Filter>Source Files</Filter>
    </ClCompile>
    <ClCompile Include="..\G3D-gfx.lib\source\VertexBuffer.cpp">
      <Filter>Source Files</Filter>
    </ClCompile>
    <ClCompile Include="..\G3D-gfx.lib\source\Args.cpp">
      <Filter>Source Files</Filter>
    </ClCompile>
    <ClCompile Include="..\G3D-gfx.lib\source\AudioDevice.cpp">
      <Filter>Source Files</Filter>
    </ClCompile>
    <ClCompile Include="..\G3D-gfx.lib\source\BindlessTextureHandle.cpp">
      <Filter>Source Files</Filter>
    </ClCompile>
    <ClCompile Include="..\G3D-gfx.lib\source\CPUVertexArray.cpp">
      <Filter>Source Files</Filter>
    </ClCompile>
    <ClCompile Include="..\G3D-gfx.lib\source\DXCaps.cpp">
      <Filter>Source Files</Filter>
    </ClCompile>
    <ClCompile Include="..\G3D-gfx.lib\source\getOpenGLState.cpp">
      <Filter>Source Files</Filter>
    </ClCompile>
    <ClCompile Include="..\G3D-gfx.lib\source\GEvent.cpp">
      <Filter>Source Files</Filter>
    </ClCompile>
    <ClCompile Include="..\G3D-gfx.lib\source\GKey.cpp">
      <Filter>Source Files</Filter>
    </ClCompile>
    <ClCompile Include="..\G3D-gfx.lib\source\glcalls.cpp">
      <Filter>Source Files</Filter>
    </ClCompile>
    <ClCompile Include="..\G3D-gfx.lib\source\GLCaps.cpp">
      <Filter>Source Files</Filter>
    </ClCompile>
    <ClCompile Include="..\G3D-gfx.lib\source\glenumtostring.cpp">
      <Filter>Source Files</Filter>
    </ClCompile>
    <ClCompile Include="..\G3D-gfx.lib\source\GLFWWindow.cpp">
      <Filter>Source Files</Filter>
    </ClCompile>
    <ClCompile Include="..\G3D-gfx.lib\source\GLPixelTransferBuffer.cpp">
      <Filter>Source Files</Filter>
    </ClCompile>
    <ClCompile Include="..\G3D-gfx.lib\source\GLSamplerObject.cpp">
      <Filter>Source Files</Filter>
    </ClCompile>
    <ClCompile Include="..\G3D-gfx.lib\source\initGLG3D.cpp">
      <Filter>Source Files</Filter>
    </ClCompile>
    <ClCompile Include="..\G3D-gfx.lib\source\Milestone.cpp">
      <Filter>Source Files</Filter>
    </ClCompile>
    <ClCompile Include="..\G3D-gfx.lib\source\OSWindow.cpp">
      <Filter>Source Files</Filter>
    </ClCompile>
    <ClCompile Include="..\G3D-gfx.lib\source\Profiler.cpp">
      <Filter>Source Files</Filter>
    </ClCompile>
    <ClCompile Include="..\G3D-gfx.lib\source\AttributeArray.cpp">
      <Filter>Source Files</Filter>
    </ClCompile>
    <ClCompile Include="..\G3D-gfx.lib\source\Shader_ShaderProgram.cpp">
      <Filter>Source Files</Filter>
    </ClCompile>
    <ClCompile Include="..\G3D-gfx.lib\source\Shader_preprocessor.cpp">
      <Filter>Source Files</Filter>
    </ClCompile>
    <ClCompile Include="..\G3D-gfx.lib\source\Framebuffer.cpp">
      <Filter>Source Files</Filter>
    </ClCompile>
    <ClCompile Include="..\G3D-gfx.lib\source\Sampler.cpp">
      <Filter>Source Files</Filter>
    </ClCompile>
    <ClCompile Include="..\G3D-gfx.lib\source\BufferTexture.cpp">
      <Filter>Source Files</Filter>
    </ClCompile>
    <ClCompile Include="..\G3D-gfx.lib\source\XR.cpp">
      <Filter>Source Files</Filter>
    </ClCompile>
    <ClCompile Include="..\G3D-gfx.lib\source\OpenVR.cpp">
      <Filter>Source Files</Filter>
    </ClCompile>
    <ClCompile Include="..\G3D-gfx.lib\source\MonitorXR.cpp">
      <Filter>Source Files</Filter>
    </ClCompile>
    <ClCompile Include="..\G3D-gfx.lib\source\VideoStream.cpp">
      <Filter>Source Files</Filter>
    </ClCompile>
  </ItemGroup>
  <ItemGroup>
    <None Include="..\G3D-gfx.lib\source\CocoaSetIcon.mm">
      <Filter>Source Files</Filter>
    </None>
    <None Include="..\G3D-gfx.lib\source\NSAutoreleasePoolWrapper.mm">
      <Filter>Source Files</Filter>
    </None>
  </ItemGroup>
</Project>