<?xml version="1.0" encoding="utf-8"?>
<Project ToolsVersion="4.0" xmlns="http://schemas.microsoft.com/developer/msbuild/2003">
  <ItemGroup>
    <Filter Include="Source Files">
      <UniqueIdentifier>{4FC737F1-C7A5-4376-A066-2A32D752A2FF}</UniqueIdentifier>
      <Extensions>cpp;c;cc;cxx;def;odl;idl;hpj;bat;asm;asmx</Extensions>
    </Filter>
    <Filter Include="Header Files">
      <UniqueIdentifier>{93995380-89BD-4b04-88EB-625FBE52EBFB}</UniqueIdentifier>
      <Extensions>h;hpp;hxx;hm;inl;inc;xsd</Extensions>
    </Filter>
  </ItemGroup>
  <ItemGroup>
    <ClCompile Include="..\G3D-base.lib\source\AABox.cpp">
      <Filter>Source Files</Filter>
    </ClCompile>
    <ClCompile Include="..\G3D-base.lib\source\Any.cpp">
      <Filter>Source Files</Filter>
    </ClCompile>
    <ClCompile Include="..\G3D-base.lib\source\AnyTableReader.cpp">
      <Filter>Source Files</Filter>
    </ClCompile>
    <ClCompile Include="..\G3D-base.lib\source\AreaMemoryManager.cpp">
      <Filter>Source Files</Filter>
    </ClCompile>
    <ClCompile Include="..\G3D-base.lib\source\BinaryFormat.cpp">
      <Filter>Source Files</Filter>
    </ClCompile>
    <ClCompile Include="..\G3D-base.lib\source\BinaryInput.cpp">
      <Filter>Source Files</Filter>
    </ClCompile>
    <ClCompile Include="..\G3D-base.lib\source\BinaryOutput.cpp">
      <Filter>Source Files</Filter>
    </ClCompile>
    <ClCompile Include="..\G3D-base.lib\source\Box.cpp">
      <Filter>Source Files</Filter>
    </ClCompile>
    <ClCompile Include="..\G3D-base.lib\source\Box2D.cpp">
      <Filter>Source Files</Filter>
    </ClCompile>
    <ClCompile Include="..\G3D-base.lib\source\BumpMapPreprocess.cpp">
      <Filter>Source Files</Filter>
    </ClCompile>
    <ClCompile Include="..\G3D-base.lib\source\Capsule.cpp">
      <Filter>Source Files</Filter>
    </ClCompile>
    <ClCompile Include="..\G3D-base.lib\source\CollisionDetection.cpp">
      <Filter>Source Files</Filter>
    </ClCompile>
    <ClCompile Include="..\G3D-base.lib\source\Color1.cpp">
      <Filter>Source Files</Filter>
    </ClCompile>
    <ClCompile Include="..\G3D-base.lib\source\Color1unorm8.cpp">
      <Filter>Source Files</Filter>
    </ClCompile>
    <ClCompile Include="..\G3D-base.lib\source\Color3.cpp">
      <Filter>Source Files</Filter>
    </ClCompile>
    <ClCompile Include="..\G3D-base.lib\source\Color3unorm8.cpp">
      <Filter>Source Files</Filter>
    </ClCompile>
    <ClCompile Include="..\G3D-base.lib\source\Color4.cpp">
      <Filter>Source Files</Filter>
    </ClCompile>
    <ClCompile Include="..\G3D-base.lib\source\Color4unorm8.cpp">
      <Filter>Source Files</Filter>
    </ClCompile>
    <ClCompile Include="..\G3D-base.lib\source\CompassDirection.cpp">
      <Filter>Source Files</Filter>
    </ClCompile>
    <ClCompile Include="..\G3D-base.lib\source\Cone.cpp">
      <Filter>Source Files</Filter>
    </ClCompile>
    <ClCompile Include="..\G3D-base.lib\source\constants.cpp">
      <Filter>Source Files</Filter>
    </ClCompile>
    <ClCompile Include="..\G3D-base.lib\source\ConvexPolyhedron.cpp">
      <Filter>Source Files</Filter>
    </ClCompile>
    <ClCompile Include="..\G3D-base.lib\source\CoordinateFrame.cpp">
      <Filter>Source Files</Filter>
    </ClCompile>
    <ClCompile Include="..\G3D-base.lib\source\CPUPixelTransferBuffer.cpp">
      <Filter>Source Files</Filter>
    </ClCompile>
    <ClCompile Include="..\G3D-base.lib\source\Crypto.cpp">
      <Filter>Source Files</Filter>
    </ClCompile>
    <ClCompile Include="..\G3D-base.lib\source\Crypto_md5.cpp">
      <Filter>Source Files</Filter>
    </ClCompile>
    <ClCompile Include="..\G3D-base.lib\source\CubeMap.cpp">
      <Filter>Source Files</Filter>
    </ClCompile>
    <ClCompile Include="..\G3D-base.lib\source\Cylinder.cpp">
      <Filter>Source Files</Filter>
    </ClCompile>
    <ClCompile Include="..\G3D-base.lib\source\debugAssert.cpp">
      <Filter>Source Files</Filter>
    </ClCompile>
    <ClCompile Include="..\G3D-base.lib\source\enumclass.cpp">
      <Filter>Source Files</Filter>
    </ClCompile>
    <ClCompile Include="..\G3D-base.lib\source\FileSystem.cpp">
      <Filter>Source Files</Filter>
    </ClCompile>
    <ClCompile Include="..\G3D-base.lib\source\fileutils.cpp">
      <Filter>Source Files</Filter>
    </ClCompile>
    <ClCompile Include="..\G3D-base.lib\source\filter.cpp">
      <Filter>Source Files</Filter>
    </ClCompile>
    <ClCompile Include="..\G3D-base.lib\source\float16.cpp">
      <Filter>Source Files</Filter>
    </ClCompile>
    <ClCompile Include="..\G3D-base.lib\source\format.cpp">
      <Filter>Source Files</Filter>
    </ClCompile>
    <ClCompile Include="..\G3D-base.lib\source\Frustum.cpp">
      <Filter>Source Files</Filter>
    </ClCompile>
    <ClCompile Include="..\G3D-base.lib\source\G3DAllocator.cpp">
      <Filter>Source Files</Filter>
    </ClCompile>
    <ClCompile Include="..\G3D-base.lib\source\g3dfnmatch.cpp">
      <Filter>Source Files</Filter>
    </ClCompile>
    <ClCompile Include="..\G3D-base.lib\source\g3dmath.cpp">
      <Filter>Source Files</Filter>
    </ClCompile>
    <ClCompile Include="..\G3D-base.lib\source\G3DString.cpp">
      <Filter>Source Files</Filter>
    </ClCompile>
    <ClCompile Include="..\G3D-base.lib\source\GUniqueID.cpp">
      <Filter>Source Files</Filter>
    </ClCompile>
    <ClCompile Include="..\G3D-base.lib\source\HaltonSequence.cpp">
      <Filter>Source Files</Filter>
    </ClCompile>
    <ClCompile Include="..\G3D-base.lib\source\Image.cpp">
      <Filter>Source Files</Filter>
    </ClCompile>
    <ClCompile Include="..\G3D-base.lib\source\Image1.cpp">
      <Filter>Source Files</Filter>
    </ClCompile>
    <ClCompile Include="..\G3D-base.lib\source\Image1unorm8.cpp">
      <Filter>Source Files</Filter>
    </ClCompile>
    <ClCompile Include="..\G3D-base.lib\source\Image3.cpp">
      <Filter>Source Files</Filter>
    </ClCompile>
    <ClCompile Include="..\G3D-base.lib\source\Image3unorm8.cpp">
      <Filter>Source Files</Filter>
    </ClCompile>
    <ClCompile Include="..\G3D-base.lib\source\Image4.cpp">
      <Filter>Source Files</Filter>
    </ClCompile>
    <ClCompile Include="..\G3D-base.lib\source\Image4unorm8.cpp">
      <Filter>Source Files</Filter>
    </ClCompile>
    <ClCompile Include="..\G3D-base.lib\source\ImageConvert.cpp">
      <Filter>Source Files</Filter>
    </ClCompile>
    <ClCompile Include="..\G3D-base.lib\source\ImageFormat.cpp">
      <Filter>Source Files</Filter>
    </ClCompile>
    <ClCompile Include="..\G3D-base.lib\source\ImageFormat_convert.cpp">
      <Filter>Source Files</Filter>
    </ClCompile>
    <ClCompile Include="..\G3D-base.lib\source\Image_utils.cpp">
      <Filter>Source Files</Filter>
    </ClCompile>
    <ClCompile Include="..\G3D-base.lib\source\initG3D.cpp">
      <Filter>Source Files</Filter>
    </ClCompile>
    <ClCompile Include="..\G3D-base.lib\source\Intersect.cpp">
      <Filter>Source Files</Filter>
    </ClCompile>
    <ClCompile Include="..\G3D-base.lib\source\Journal.cpp">
      <Filter>Source Files</Filter>
    </ClCompile>
    <ClCompile Include="..\G3D-base.lib\source\license.cpp">
      <Filter>Source Files</Filter>
    </ClCompile>
    <ClCompile Include="..\G3D-base.lib\source\Line.cpp">
      <Filter>Source Files</Filter>
    </ClCompile>
    <ClCompile Include="..\G3D-base.lib\source\Line2D.cpp">
      <Filter>Source Files</Filter>
    </ClCompile>
    <ClCompile Include="..\G3D-base.lib\source\LineSegment.cpp">
      <Filter>Source Files</Filter>
    </ClCompile>
    <ClCompile Include="..\G3D-base.lib\source\Log.cpp">
      <Filter>Source Files</Filter>
    </ClCompile>
    <ClCompile Include="..\G3D-base.lib\source\Matrix.cpp">
      <Filter>Source Files</Filter>
    </ClCompile>
    <ClCompile Include="..\G3D-base.lib\source\Matrix2.cpp">
      <Filter>Source Files</Filter>
    </ClCompile>
    <ClCompile Include="..\G3D-base.lib\source\Matrix3.cpp">
      <Filter>Source Files</Filter>
    </ClCompile>
    <ClCompile Include="..\G3D-base.lib\source\Matrix3x4.cpp">
      <Filter>Source Files</Filter>
    </ClCompile>
    <ClCompile Include="..\G3D-base.lib\source\Matrix4.cpp">
      <Filter>Source Files</Filter>
    </ClCompile>
    <ClCompile Include="..\G3D-base.lib\source\MemoryManager.cpp">
      <Filter>Source Files</Filter>
    </ClCompile>
    <ClCompile Include="..\G3D-base.lib\source\MeshAlg.cpp">
      <Filter>Source Files</Filter>
    </ClCompile>
    <ClCompile Include="..\G3D-base.lib\source\MeshAlgAdjacency.cpp">
      <Filter>Source Files</Filter>
    </ClCompile>
    <ClCompile Include="..\G3D-base.lib\source\MeshAlgWeld.cpp">
      <Filter>Source Files</Filter>
    </ClCompile>
    <ClCompile Include="..\G3D-base.lib\source\MeshBuilder.cpp">
      <Filter>Source Files</Filter>
    </ClCompile>
    <ClCompile Include="..\G3D-base.lib\source\NetAddress.cpp">
      <Filter>Source Files</Filter>
    </ClCompile>
    <ClCompile Include="..\G3D-base.lib\source\network.cpp">
      <Filter>Source Files</Filter>
    </ClCompile>
    <ClCompile Include="..\G3D-base.lib\source\NetworkDevice.cpp">
      <Filter>Source Files</Filter>
    </ClCompile>
    <ClCompile Include="..\G3D-base.lib\source\Noise.cpp">
      <Filter>Source Files</Filter>
    </ClCompile>
    <ClCompile Include="..\G3D-base.lib\source\Parse3DS.cpp">
      <Filter>Source Files</Filter>
    </ClCompile>
    <ClCompile Include="..\G3D-base.lib\source\ParseError.cpp">
      <Filter>Source Files</Filter>
    </ClCompile>
    <ClCompile Include="..\G3D-base.lib\source\ParseMTL.cpp">
      <Filter>Source Files</Filter>
    </ClCompile>
    <ClCompile Include="..\G3D-base.lib\source\ParseOBJ.cpp">
      <Filter>Source Files</Filter>
    </ClCompile>
    <ClCompile Include="..\G3D-base.lib\source\ParsePLY.cpp">
      <Filter>Source Files</Filter>
    </ClCompile>
    <ClCompile Include="..\G3D-base.lib\source\ParseSchematic.cpp">
      <Filter>Source Files</Filter>
    </ClCompile>
    <ClCompile Include="..\G3D-base.lib\source\ParseVOX.cpp">
      <Filter>Source Files</Filter>
    </ClCompile>
    <ClCompile Include="..\G3D-base.lib\source\PhysicsFrame.cpp">
      <Filter>Source Files</Filter>
    </ClCompile>
    <ClCompile Include="..\G3D-base.lib\source\PhysicsFrameSpline.cpp">
      <Filter>Source Files</Filter>
    </ClCompile>
    <ClCompile Include="..\G3D-base.lib\source\PixelTransferBuffer.cpp">
      <Filter>Source Files</Filter>
    </ClCompile>
    <ClCompile Include="..\G3D-base.lib\source\Plane.cpp">
      <Filter>Source Files</Filter>
    </ClCompile>
    <ClCompile Include="..\G3D-base.lib\source\PrecomputedRandom.cpp">
      <Filter>Source Files</Filter>
    </ClCompile>
    <ClCompile Include="..\G3D-base.lib\source\PrecomputedRay.cpp">
      <Filter>Source Files</Filter>
    </ClCompile>
    <ClCompile Include="..\G3D-base.lib\source\PrefixTree.cpp">
      <Filter>Source Files</Filter>
    </ClCompile>
    <ClCompile Include="..\G3D-base.lib\source\Projection.cpp">
      <Filter>Source Files</Filter>
    </ClCompile>
    <ClCompile Include="..\G3D-base.lib\source\prompt.cpp">
      <Filter>Source Files</Filter>
    </ClCompile>
    <ClCompile Include="..\G3D-base.lib\source\Quat.cpp">
      <Filter>Source Files</Filter>
    </ClCompile>
    <ClCompile Include="..\G3D-base.lib\source\Random.cpp">
      <Filter>Source Files</Filter>
    </ClCompile>
    <ClCompile Include="..\G3D-base.lib\source\Ray.cpp">
      <Filter>Source Files</Filter>
    </ClCompile>
    <ClCompile Include="..\G3D-base.lib\source\RayGridIterator.cpp">
      <Filter>Source Files</Filter>
    </ClCompile>
    <ClCompile Include="..\G3D-base.lib\source\Rect2D.cpp">
      <Filter>Source Files</Filter>
    </ClCompile>
    <ClCompile Include="..\G3D-base.lib\source\ReferenceCount.cpp">
      <Filter>Source Files</Filter>
    </ClCompile>
    <ClCompile Include="..\G3D-base.lib\source\RegistryUtil.cpp">
      <Filter>Source Files</Filter>
    </ClCompile>
    <ClCompile Include="..\G3D-base.lib\source\Sphere.cpp">
      <Filter>Source Files</Filter>
    </ClCompile>
    <ClCompile Include="..\G3D-base.lib\source\SplineBase.cpp">
      <Filter>Source Files</Filter>
    </ClCompile>
    <ClCompile Include="..\G3D-base.lib\source\Stopwatch.cpp">
      <Filter>Source Files</Filter>
    </ClCompile>
    <ClCompile Include="..\G3D-base.lib\source\stringutils.cpp">
      <Filter>Source Files</Filter>
    </ClCompile>
    <ClCompile Include="..\G3D-base.lib\source\System.cpp">
      <Filter>Source Files</Filter>
    </ClCompile>
    <ClCompile Include="..\G3D-base.lib\source\TextInput.cpp">
      <Filter>Source Files</Filter>
    </ClCompile>
    <ClCompile Include="..\G3D-base.lib\source\TextOutput.cpp">
      <Filter>Source Files</Filter>
    </ClCompile>
    <ClCompile Include="..\G3D-base.lib\source\Thread.cpp">
      <Filter>Source Files</Filter>
    </ClCompile>
    <ClCompile Include="..\G3D-base.lib\source\Triangle.cpp">
      <Filter>Source Files</Filter>
    </ClCompile>
    <ClCompile Include="..\G3D-base.lib\source\uint128.cpp">
      <Filter>Source Files</Filter>
    </ClCompile>
    <ClCompile Include="..\G3D-base.lib\source\unorm16.cpp">
      <Filter>Source Files</Filter>
    </ClCompile>
    <ClCompile Include="..\G3D-base.lib\source\UprightFrame.cpp">
      <Filter>Source Files</Filter>
    </ClCompile>
    <ClCompile Include="..\G3D-base.lib\source\Vector2.cpp">
      <Filter>Source Files</Filter>
    </ClCompile>
    <ClCompile Include="..\G3D-base.lib\source\Vector2int16.cpp">
      <Filter>Source Files</Filter>
    </ClCompile>
    <ClCompile Include="..\G3D-base.lib\source\Vector2int32.cpp">
      <Filter>Source Files</Filter>
    </ClCompile>
    <ClCompile Include="..\G3D-base.lib\source\Vector2uint16.cpp">
      <Filter>Source Files</Filter>
    </ClCompile>
    <ClCompile Include="..\G3D-base.lib\source\Vector2uint32.cpp">
      <Filter>Source Files</Filter>
    </ClCompile>
    <ClCompile Include="..\G3D-base.lib\source\Vector2unorm16.cpp">
      <Filter>Source Files</Filter>
    </ClCompile>
    <ClCompile Include="..\G3D-base.lib\source\Vector3.cpp">
      <Filter>Source Files</Filter>
    </ClCompile>
    <ClCompile Include="..\G3D-base.lib\source\Vector3int16.cpp">
      <Filter>Source Files</Filter>
    </ClCompile>
    <ClCompile Include="..\G3D-base.lib\source\Vector3int32.cpp">
      <Filter>Source Files</Filter>
    </ClCompile>
    <ClCompile Include="..\G3D-base.lib\source\Vector4.cpp">
      <Filter>Source Files</Filter>
    </ClCompile>
    <ClCompile Include="..\G3D-base.lib\source\Vector4int16.cpp">
      <Filter>Source Files</Filter>
    </ClCompile>
    <ClCompile Include="..\G3D-base.lib\source\Vector4int8.cpp">
      <Filter>Source Files</Filter>
    </ClCompile>
    <ClCompile Include="..\G3D-base.lib\source\Vector4uint16.cpp">
      <Filter>Source Files</Filter>
    </ClCompile>
    <ClCompile Include="..\G3D-base.lib\source\Welder.cpp">
      <Filter>Source Files</Filter>
    </ClCompile>
    <ClCompile Include="..\G3D-base.lib\source\WinMain.cpp">
      <Filter>Source Files</Filter>
    </ClCompile>
    <ClCompile Include="..\G3D-base.lib\source\XML.cpp">
      <Filter>Source Files</Filter>
    </ClCompile>
    <ClCompile Include="..\G3D-base.lib\source\Matrix2x3.cpp">
      <Filter>Source Files</Filter>
    </ClCompile>
    <ClCompile Include="..\G3D-base.lib\source\WebServer.cpp">
      <Filter>Source Files</Filter>
    </ClCompile>
    <ClCompile Include="..\G3D-gfx.lib\source\VideoStream.cpp">
      <Filter>Source Files</Filter>
    </ClCompile>
  </ItemGroup>
  <ItemGroup>
    <ClInclude Include="..\G3D-base.lib\include\G3D-base\AABox.h">
      <Filter>Header Files</Filter>
    </ClInclude>
    <ClInclude Include="..\G3D-base.lib\include\G3D-base\Access.h">
      <Filter>Header Files</Filter>
    </ClInclude>
    <ClInclude Include="..\G3D-base.lib\include\G3D-base\Any.h">
      <Filter>Header Files</Filter>
    </ClInclude>
    <ClInclude Include="..\G3D-base.lib\include\G3D-base\AreaMemoryManager.h">
      <Filter>Header Files</Filter>
    </ClInclude>
    <ClInclude Include="..\G3D-base.lib\include\G3D-base\Array.h">
      <Filter>Header Files</Filter>
    </ClInclude>
    <ClInclude Include="..\G3D-base.lib\include\G3D-base\BlockPoolMemoryManager.h">
      <Filter>Header Files</Filter>
    </ClInclude>
    <ClInclude Include="..\G3D-base.lib\include\G3D-base\CubeMap.h">
      <Filter>Header Files</Filter>
    </ClInclude>
    <ClInclude Include="..\G3D-base.lib\include\G3D-base\DepthFirstTreeBuilder.h">
      <Filter>Header Files</Filter>
    </ClInclude>
    <ClInclude Include="..\G3D-base.lib\include\G3D-base\DepthReadMode.h">
      <Filter>Header Files</Filter>
    </ClInclude>
    <ClInclude Include="..\G3D-base.lib\include\G3D-base\DoNotInitialize.h">
      <Filter>Header Files</Filter>
    </ClInclude>
    <ClInclude Include="..\G3D-base.lib\include\G3D-base\float16.h">
      <Filter>Header Files</Filter>
    </ClInclude>
    <ClInclude Include="..\G3D-base.lib\include\G3D-base\FrameName.h">
      <Filter>Header Files</Filter>
    </ClInclude>
    <ClInclude Include="..\G3D-base.lib\include\G3D-base\G3DAllocator.h">
      <Filter>Header Files</Filter>
    </ClInclude>
    <ClInclude Include="..\G3D-base.lib\include\G3D-base\G3DString.h">
      <Filter>Header Files</Filter>
    </ClInclude>
    <ClInclude Include="..\G3D-base.lib\include\G3D-base\Grid.h">
      <Filter>Header Files</Filter>
    </ClInclude>
    <ClInclude Include="..\G3D-base.lib\include\G3D-base\HaltonSequence.h">
      <Filter>Header Files</Filter>
    </ClInclude>
    <ClInclude Include="..\G3D-base.lib\include\G3D-base\InterpolateMode.h">
      <Filter>Header Files</Filter>
    </ClInclude>
    <ClInclude Include="..\G3D-base.lib\include\G3D-base\Journal.h">
      <Filter>Header Files</Filter>
    </ClInclude>
    <ClInclude Include="..\G3D-base.lib\include\G3D-base\lazy_ptr.h">
      <Filter>Header Files</Filter>
    </ClInclude>
    <ClInclude Include="..\G3D-base.lib\include\G3D-base\Matrix3x4.h">
      <Filter>Header Files</Filter>
    </ClInclude>
    <ClInclude Include="..\G3D-base.lib\include\G3D-base\networkHelpers.h">
      <Filter>Header Files</Filter>
    </ClInclude>
    <ClInclude Include="..\G3D-base.lib\include\G3D-base\OrderedTable.h">
      <Filter>Header Files</Filter>
    </ClInclude>
    <ClInclude Include="..\G3D-base.lib\include\G3D-base\ParseSchematic.h">
      <Filter>Header Files</Filter>
    </ClInclude>
    <ClInclude Include="..\G3D-base.lib\include\G3D-base\ParseVOX.h">
      <Filter>Header Files</Filter>
    </ClInclude>
    <ClInclude Include="..\G3D-base.lib\include\G3D-base\Pathfinder.h">
      <Filter>Header Files</Filter>
    </ClInclude>
    <ClInclude Include="..\G3D-base.lib\include\G3D-base\PrecomputedRay.h">
      <Filter>Header Files</Filter>
    </ClInclude>
    <ClInclude Include="..\G3D-base.lib\include\G3D-base\PrefixTree.h">
      <Filter>Header Files</Filter>
    </ClInclude>
    <ClInclude Include="..\G3D-base.lib\include\G3D-base\SmallTable.h">
      <Filter>Header Files</Filter>
    </ClInclude>
    <ClInclude Include="..\G3D-base.lib\include\G3D-base\Thread.h">
      <Filter>Header Files</Filter>
    </ClInclude>
    <ClInclude Include="..\G3D-base.lib\include\G3D-base\ThreadsafeQueue.h">
      <Filter>Header Files</Filter>
    </ClInclude>
    <ClInclude Include="..\G3D-base.lib\include\G3D-base\BIN.h">
      <Filter>Header Files</Filter>
    </ClInclude>
    <ClInclude Include="..\G3D-base.lib\include\G3D-base\BinaryFormat.h">
      <Filter>Header Files</Filter>
    </ClInclude>
    <ClInclude Include="..\G3D-base.lib\include\G3D-base\BinaryInput.h">
      <Filter>Header Files</Filter>
    </ClInclude>
    <ClInclude Include="..\G3D-base.lib\include\G3D-base\BinaryOutput.h">
      <Filter>Header Files</Filter>
    </ClInclude>
    <ClInclude Include="..\G3D-base.lib\include\G3D-base\BoundsTrait.h">
      <Filter>Header Files</Filter>
    </ClInclude>
    <ClInclude Include="..\G3D-base.lib\include\G3D-base\Box.h">
      <Filter>Header Files</Filter>
    </ClInclude>
    <ClInclude Include="..\G3D-base.lib\include\G3D-base\Box2D.h">
      <Filter>Header Files</Filter>
    </ClInclude>
    <ClInclude Include="..\G3D-base.lib\include\G3D-base\BumpMapPreprocess.h">
      <Filter>Header Files</Filter>
    </ClInclude>
    <ClInclude Include="..\G3D-base.lib\include\G3D-base\Capsule.h">
      <Filter>Header Files</Filter>
    </ClInclude>
    <ClInclude Include="..\G3D-base.lib\include\G3D-base\CollisionDetection.h">
      <Filter>Header Files</Filter>
    </ClInclude>
    <ClInclude Include="..\G3D-base.lib\include\G3D-base\Color1.h">
      <Filter>Header Files</Filter>
    </ClInclude>
    <ClInclude Include="..\G3D-base.lib\include\G3D-base\Color1unorm8.h">
      <Filter>Header Files</Filter>
    </ClInclude>
    <ClInclude Include="..\G3D-base.lib\include\G3D-base\Color2unorm8.h">
      <Filter>Header Files</Filter>
    </ClInclude>
    <ClInclude Include="..\G3D-base.lib\include\G3D-base\Color3.h">
      <Filter>Header Files</Filter>
    </ClInclude>
    <ClInclude Include="..\G3D-base.lib\include\G3D-base\Color3unorm8.h">
      <Filter>Header Files</Filter>
    </ClInclude>
    <ClInclude Include="..\G3D-base.lib\include\G3D-base\Color4.h">
      <Filter>Header Files</Filter>
    </ClInclude>
    <ClInclude Include="..\G3D-base.lib\include\G3D-base\Color4unorm8.h">
      <Filter>Header Files</Filter>
    </ClInclude>
    <ClInclude Include="..\G3D-base.lib\include\G3D-base\CompassDirection.h">
      <Filter>Header Files</Filter>
    </ClInclude>
    <ClInclude Include="..\G3D-base.lib\include\G3D-base\Cone.h">
      <Filter>Header Files</Filter>
    </ClInclude>
    <ClInclude Include="..\G3D-base.lib\include\G3D-base\constants.h">
      <Filter>Header Files</Filter>
    </ClInclude>
    <ClInclude Include="..\G3D-base.lib\include\G3D-base\ConvexPolyhedron.h">
      <Filter>Header Files</Filter>
    </ClInclude>
    <ClInclude Include="..\G3D-base.lib\include\G3D-base\CoordinateFrame.h">
      <Filter>Header Files</Filter>
    </ClInclude>
    <ClInclude Include="..\G3D-base.lib\include\G3D-base\CPUPixelTransferBuffer.h">
      <Filter>Header Files</Filter>
    </ClInclude>
    <ClInclude Include="..\G3D-base.lib\include\G3D-base\Crypto.h">
      <Filter>Header Files</Filter>
    </ClInclude>
    <ClInclude Include="..\G3D-base.lib\include\G3D-base\CubeFace.h">
      <Filter>Header Files</Filter>
    </ClInclude>
    <ClInclude Include="..\G3D-base.lib\include\G3D-base\CullFace.h">
      <Filter>Header Files</Filter>
    </ClInclude>
    <ClInclude Include="..\G3D-base.lib\include\G3D-base\Cylinder.h">
      <Filter>Header Files</Filter>
    </ClInclude>
    <ClInclude Include="..\G3D-base.lib\include\G3D-base\debug.h">
      <Filter>Header Files</Filter>
    </ClInclude>
    <ClInclude Include="..\G3D-base.lib\include\G3D-base\debugAssert.h">
      <Filter>Header Files</Filter>
    </ClInclude>
    <ClInclude Include="..\G3D-base.lib\include\G3D-base\debugPrintf.h">
      <Filter>Header Files</Filter>
    </ClInclude>
    <ClInclude Include="..\G3D-base.lib\include\G3D-base\enumclass.h">
      <Filter>Header Files</Filter>
    </ClInclude>
    <ClInclude Include="..\G3D-base.lib\include\G3D-base\EqualsTrait.h">
      <Filter>Header Files</Filter>
    </ClInclude>
    <ClInclude Include="..\G3D-base.lib\include\G3D-base\FastPODTable.h">
      <Filter>Header Files</Filter>
    </ClInclude>
    <ClInclude Include="..\G3D-base.lib\include\G3D-base\FastPointHashGrid.h">
      <Filter>Header Files</Filter>
    </ClInclude>
    <ClInclude Include="..\G3D-base.lib\include\G3D-base\FileNotFound.h">
      <Filter>Header Files</Filter>
    </ClInclude>
    <ClInclude Include="..\G3D-base.lib\include\G3D-base\FileSystem.h">
      <Filter>Header Files</Filter>
    </ClInclude>
    <ClInclude Include="..\G3D-base.lib\include\G3D-base\fileutils.h">
      <Filter>Header Files</Filter>
    </ClInclude>
    <ClInclude Include="..\G3D-base.lib\include\G3D-base\filter.h">
      <Filter>Header Files</Filter>
    </ClInclude>
    <ClInclude Include="..\G3D-base.lib\include\G3D-base\format.h">
      <Filter>Header Files</Filter>
    </ClInclude>
    <ClInclude Include="..\G3D-base.lib\include\G3D-base\Frustum.h">
      <Filter>Header Files</Filter>
    </ClInclude>
    <ClInclude Include="..\G3D-base.lib\include\G3D-base\g3dfnmatch.h">
      <Filter>Header Files</Filter>
    </ClInclude>
    <ClInclude Include="..\G3D-base.lib\include\G3D-base\G3DGameUnits.h">
      <Filter>Header Files</Filter>
    </ClInclude>
    <ClInclude Include="..\G3D-base.lib\include\G3D-base\g3dmath.h">
      <Filter>Header Files</Filter>
    </ClInclude>
    <ClInclude Include="..\G3D-base.lib\include\G3D-base\GUniqueID.h">
      <Filter>Header Files</Filter>
    </ClInclude>
    <ClInclude Include="..\G3D-base.lib\include\G3D-base\HashTrait.h">
      <Filter>Header Files</Filter>
    </ClInclude>
    <ClInclude Include="..\G3D-base.lib\include\G3D-base\Image.h">
      <Filter>Header Files</Filter>
    </ClInclude>
    <ClInclude Include="..\G3D-base.lib\include\G3D-base\Image1.h">
      <Filter>Header Files</Filter>
    </ClInclude>
    <ClInclude Include="..\G3D-base.lib\include\G3D-base\Image1unorm8.h">
      <Filter>Header Files</Filter>
    </ClInclude>
    <ClInclude Include="..\G3D-base.lib\include\G3D-base\Image3.h">
      <Filter>Header Files</Filter>
    </ClInclude>
    <ClInclude Include="..\G3D-base.lib\include\G3D-base\Image3unorm8.h">
      <Filter>Header Files</Filter>
    </ClInclude>
    <ClInclude Include="..\G3D-base.lib\include\G3D-base\Image4.h">
      <Filter>Header Files</Filter>
    </ClInclude>
    <ClInclude Include="..\G3D-base.lib\include\G3D-base\Image4unorm8.h">
      <Filter>Header Files</Filter>
    </ClInclude>
    <ClInclude Include="..\G3D-base.lib\include\G3D-base\ImageConvert.h">
      <Filter>Header Files</Filter>
    </ClInclude>
    <ClInclude Include="..\G3D-base.lib\include\G3D-base\ImageFormat.h">
      <Filter>Header Files</Filter>
    </ClInclude>
    <ClInclude Include="..\G3D-base.lib\include\G3D-base\Intersect.h">
      <Filter>Header Files</Filter>
    </ClInclude>
    <ClInclude Include="..\G3D-base.lib\include\G3D-base\KDTree.h">
      <Filter>Header Files</Filter>
    </ClInclude>
    <ClInclude Include="..\G3D-base.lib\include\G3D-base\Line.h">
      <Filter>Header Files</Filter>
    </ClInclude>
    <ClInclude Include="..\G3D-base.lib\include\G3D-base\Line2D.h">
      <Filter>Header Files</Filter>
    </ClInclude>
    <ClInclude Include="..\G3D-base.lib\include\G3D-base\LineSegment.h">
      <Filter>Header Files</Filter>
    </ClInclude>
    <ClInclude Include="..\G3D-base.lib\include\G3D-base\Log.h">
      <Filter>Header Files</Filter>
    </ClInclude>
    <ClInclude Include="..\G3D-base.lib\include\G3D-base\Map2D.h">
      <Filter>Header Files</Filter>
    </ClInclude>
    <ClInclude Include="..\G3D-base.lib\include\G3D-base\Matrix.h">
      <Filter>Header Files</Filter>
    </ClInclude>
    <ClInclude Include="..\G3D-base.lib\include\G3D-base\Matrix2.h">
      <Filter>Header Files</Filter>
    </ClInclude>
    <ClInclude Include="..\G3D-base.lib\include\G3D-base\Matrix3.h">
      <Filter>Header Files</Filter>
    </ClInclude>
    <ClInclude Include="..\G3D-base.lib\include\G3D-base\Matrix4.h">
      <Filter>Header Files</Filter>
    </ClInclude>
    <ClInclude Include="..\G3D-base.lib\include\G3D-base\MemoryManager.h">
      <Filter>Header Files</Filter>
    </ClInclude>
    <ClInclude Include="..\G3D-base.lib\include\G3D-base\MeshAlg.h">
      <Filter>Header Files</Filter>
    </ClInclude>
    <ClInclude Include="..\G3D-base.lib\include\G3D-base\MeshBuilder.h">
      <Filter>Header Files</Filter>
    </ClInclude>
    <ClInclude Include="..\G3D-base.lib\include\G3D-base\NetAddress.h">
      <Filter>Header Files</Filter>
    </ClInclude>
    <ClInclude Include="..\G3D-base.lib\include\G3D-base\netheaders.h">
      <Filter>Header Files</Filter>
    </ClInclude>
    <ClInclude Include="..\G3D-base.lib\include\G3D-base\network.h">
      <Filter>Header Files</Filter>
    </ClInclude>
    <ClInclude Include="..\G3D-base.lib\include\G3D-base\NetworkDevice.h">
      <Filter>Header Files</Filter>
    </ClInclude>
    <ClInclude Include="..\G3D-base.lib\include\G3D-base\Noise.h">
      <Filter>Header Files</Filter>
    </ClInclude>
    <ClInclude Include="..\G3D-base.lib\include\G3D-base\Parse3DS.h">
      <Filter>Header Files</Filter>
    </ClInclude>
    <ClInclude Include="..\G3D-base.lib\include\G3D-base\ParseError.h">
      <Filter>Header Files</Filter>
    </ClInclude>
    <ClInclude Include="..\G3D-base.lib\include\G3D-base\ParseMTL.h">
      <Filter>Header Files</Filter>
    </ClInclude>
    <ClInclude Include="..\G3D-base.lib\include\G3D-base\ParseOBJ.h">
      <Filter>Header Files</Filter>
    </ClInclude>
    <ClInclude Include="..\G3D-base.lib\include\G3D-base\ParsePLY.h">
      <Filter>Header Files</Filter>
    </ClInclude>
    <ClInclude Include="..\G3D-base.lib\include\G3D-base\PathDirection.h">
      <Filter>Header Files</Filter>
    </ClInclude>
    <ClInclude Include="..\G3D-base.lib\include\G3D-base\PhysicsFrame.h">
      <Filter>Header Files</Filter>
    </ClInclude>
    <ClInclude Include="..\G3D-base.lib\include\G3D-base\PhysicsFrameSpline.h">
      <Filter>Header Files</Filter>
    </ClInclude>
    <ClInclude Include="..\G3D-base.lib\include\G3D-base\PixelTransferBuffer.h">
      <Filter>Header Files</Filter>
    </ClInclude>
    <ClInclude Include="..\G3D-base.lib\include\G3D-base\Plane.h">
      <Filter>Header Files</Filter>
    </ClInclude>
    <ClInclude Include="..\G3D-base.lib\include\G3D-base\platform.h">
      <Filter>Header Files</Filter>
    </ClInclude>
    <ClInclude Include="..\G3D-base.lib\include\G3D-base\Pointer.h">
      <Filter>Header Files</Filter>
    </ClInclude>
    <ClInclude Include="..\G3D-base.lib\include\G3D-base\PointHashGrid.h">
      <Filter>Header Files</Filter>
    </ClInclude>
    <ClInclude Include="..\G3D-base.lib\include\G3D-base\PointKDTree.h">
      <Filter>Header Files</Filter>
    </ClInclude>
    <ClInclude Include="..\G3D-base.lib\include\G3D-base\PositionTrait.h">
      <Filter>Header Files</Filter>
    </ClInclude>
    <ClInclude Include="..\G3D-base.lib\include\G3D-base\PrecomputedRandom.h">
      <Filter>Header Files</Filter>
    </ClInclude>
    <ClInclude Include="..\G3D-base.lib\include\G3D-base\Projection.h">
      <Filter>Header Files</Filter>
    </ClInclude>
    <ClInclude Include="..\G3D-base.lib\include\G3D-base\prompt.h">
      <Filter>Header Files</Filter>
    </ClInclude>
    <ClInclude Include="..\G3D-base.lib\include\G3D-base\Quat.h">
      <Filter>Header Files</Filter>
    </ClInclude>
    <ClInclude Include="..\G3D-base.lib\include\G3D-base\Queue.h">
      <Filter>Header Files</Filter>
    </ClInclude>
    <ClInclude Include="..\G3D-base.lib\include\G3D-base\Random.h">
      <Filter>Header Files</Filter>
    </ClInclude>
    <ClInclude Include="..\G3D-base.lib\include\G3D-base\Ray.h">
      <Filter>Header Files</Filter>
    </ClInclude>
    <ClInclude Include="..\G3D-base.lib\include\G3D-base\RayGridIterator.h">
      <Filter>Header Files</Filter>
    </ClInclude>
    <ClInclude Include="..\G3D-base.lib\include\G3D-base\Rect2D.h">
      <Filter>Header Files</Filter>
    </ClInclude>
    <ClInclude Include="..\G3D-base.lib\include\G3D-base\ReferenceCount.h">
      <Filter>Header Files</Filter>
    </ClInclude>
    <ClInclude Include="..\G3D-base.lib\include\G3D-base\RegistryUtil.h">
      <Filter>Header Files</Filter>
    </ClInclude>
    <ClInclude Include="..\G3D-base.lib\include\G3D-base\serialize.h">
      <Filter>Header Files</Filter>
    </ClInclude>
    <ClInclude Include="..\G3D-base.lib\include\G3D-base\Set.h">
      <Filter>Header Files</Filter>
    </ClInclude>
    <ClInclude Include="..\G3D-base.lib\include\G3D-base\SmallArray.h">
      <Filter>Header Files</Filter>
    </ClInclude>
    <ClInclude Include="..\G3D-base.lib\include\G3D-base\snorm16.h">
      <Filter>Header Files</Filter>
    </ClInclude>
    <ClInclude Include="..\G3D-base.lib\include\G3D-base\snorm8.h">
      <Filter>Header Files</Filter>
    </ClInclude>
    <ClInclude Include="..\G3D-base.lib\include\G3D-base\SpawnBehavior.h">
      <Filter>Header Files</Filter>
    </ClInclude>
    <ClInclude Include="..\G3D-base.lib\include\G3D-base\Sphere.h">
      <Filter>Header Files</Filter>
    </ClInclude>
    <ClInclude Include="..\G3D-base.lib\include\G3D-base\Spline.h">
      <Filter>Header Files</Filter>
    </ClInclude>
    <ClInclude Include="..\G3D-base.lib\include\G3D-base\SplineExtrapolationMode.h">
      <Filter>Header Files</Filter>
    </ClInclude>
    <ClInclude Include="..\G3D-base.lib\include\G3D-base\splinefunc.h">
      <Filter>Header Files</Filter>
    </ClInclude>
    <ClInclude Include="..\G3D-base.lib\include\G3D-base\Stopwatch.h">
      <Filter>Header Files</Filter>
    </ClInclude>
    <ClInclude Include="..\G3D-base.lib\include\G3D-base\stringutils.h">
      <Filter>Header Files</Filter>
    </ClInclude>
    <ClInclude Include="..\G3D-base.lib\include\G3D-base\System.h">
      <Filter>Header Files</Filter>
    </ClInclude>
    <ClInclude Include="..\G3D-base.lib\include\G3D-base\Table.h">
      <Filter>Header Files</Filter>
    </ClInclude>
    <ClInclude Include="..\G3D-base.lib\include\G3D-base\TextInput.h">
      <Filter>Header Files</Filter>
    </ClInclude>
    <ClInclude Include="..\G3D-base.lib\include\G3D-base\TextOutput.h">
      <Filter>Header Files</Filter>
    </ClInclude>
    <ClInclude Include="..\G3D-base.lib\include\G3D-base\Triangle.h">
      <Filter>Header Files</Filter>
    </ClInclude>
    <ClInclude Include="..\G3D-base.lib\include\G3D-base\typeutils.h">
      <Filter>Header Files</Filter>
    </ClInclude>
    <ClInclude Include="..\G3D-base.lib\include\G3D-base\uint128.h">
      <Filter>Header Files</Filter>
    </ClInclude>
    <ClInclude Include="..\G3D-base.lib\include\G3D-base\units.h">
      <Filter>Header Files</Filter>
    </ClInclude>
    <ClInclude Include="..\G3D-base.lib\include\G3D-base\unorm16.h">
      <Filter>Header Files</Filter>
    </ClInclude>
    <ClInclude Include="..\G3D-base.lib\include\G3D-base\unorm8.h">
      <Filter>Header Files</Filter>
    </ClInclude>
    <ClInclude Include="..\G3D-base.lib\include\G3D-base\UprightFrame.h">
      <Filter>Header Files</Filter>
    </ClInclude>
    <ClInclude Include="..\G3D-base.lib\include\G3D-base\Vector2.h">
      <Filter>Header Files</Filter>
    </ClInclude>
    <ClInclude Include="..\G3D-base.lib\include\G3D-base\Vector2int16.h">
      <Filter>Header Files</Filter>
    </ClInclude>
    <ClInclude Include="..\G3D-base.lib\include\G3D-base\Vector2int32.h">
      <Filter>Header Files</Filter>
    </ClInclude>
    <ClInclude Include="..\G3D-base.lib\include\G3D-base\Vector2uint16.h">
      <Filter>Header Files</Filter>
    </ClInclude>
    <ClInclude Include="..\G3D-base.lib\include\G3D-base\Vector2uint32.h">
      <Filter>Header Files</Filter>
    </ClInclude>
    <ClInclude Include="..\G3D-base.lib\include\G3D-base\Vector2unorm16.h">
      <Filter>Header Files</Filter>
    </ClInclude>
    <ClInclude Include="..\G3D-base.lib\include\G3D-base\Vector3.h">
      <Filter>Header Files</Filter>
    </ClInclude>
    <ClInclude Include="..\G3D-base.lib\include\G3D-base\Vector3int16.h">
      <Filter>Header Files</Filter>
    </ClInclude>
    <ClInclude Include="..\G3D-base.lib\include\G3D-base\Vector3int32.h">
      <Filter>Header Files</Filter>
    </ClInclude>
    <ClInclude Include="..\G3D-base.lib\include\G3D-base\Vector3uint8.h">
      <Filter>Header Files</Filter>
    </ClInclude>
    <ClInclude Include="..\G3D-base.lib\include\G3D-base\Vector4.h">
      <Filter>Header Files</Filter>
    </ClInclude>
    <ClInclude Include="..\G3D-base.lib\include\G3D-base\Vector4int16.h">
      <Filter>Header Files</Filter>
    </ClInclude>
    <ClInclude Include="..\G3D-base.lib\include\G3D-base\Vector4int32.h">
      <Filter>Header Files</Filter>
    </ClInclude>
    <ClInclude Include="..\G3D-base.lib\include\G3D-base\Vector4int8.h">
      <Filter>Header Files</Filter>
    </ClInclude>
    <ClInclude Include="..\G3D-base.lib\include\G3D-base\Vector4uint16.h">
      <Filter>Header Files</Filter>
    </ClInclude>
    <ClInclude Include="..\G3D-base.lib\include\G3D-base\vectorMath.h">
      <Filter>Header Files</Filter>
    </ClInclude>
    <ClInclude Include="..\G3D-base.lib\include\G3D-base\WeakCache.h">
      <Filter>Header Files</Filter>
    </ClInclude>
    <ClInclude Include="..\G3D-base.lib\include\G3D-base\Welder.h">
      <Filter>Header Files</Filter>
    </ClInclude>
    <ClInclude Include="..\G3D-base.lib\include\G3D-base\WrapMode.h">
      <Filter>Header Files</Filter>
    </ClInclude>
    <ClInclude Include="..\G3D-base.lib\include\G3D-base\XML.h">
      <Filter>Header Files</Filter>
    </ClInclude>
    <ClInclude Include="..\G3D-base.lib\source\eLut.h">
      <Filter>Header Files</Filter>
    </ClInclude>
    <ClInclude Include="..\G3D-base.lib\source\toFloat.h">
      <Filter>Header Files</Filter>
    </ClInclude>
    <ClInclude Include="..\G3D-base.lib\source\Vector4int32.cpp">
      <Filter>Source Files</Filter>
    </ClInclude>
    <ClInclude Include="..\G3D-base.lib\include\G3D-base\G3D-base.h">
      <Filter>Header Files</Filter>
    </ClInclude>
    <ClInclude Include="..\G3D-base.lib\include\G3D-base\Matrix2x3.h">
      <Filter>Header Files</Filter>
    </ClInclude>
    <ClInclude Include="..\G3D-base.lib\include\G3D-base\WebServer.h">
      <Filter>Header Files</Filter>
    </ClInclude>
  </ItemGroup>
</Project>