<?xml version="1.0" encoding="utf-8"?>
<Project ToolsVersion="4.0" xmlns="http://schemas.microsoft.com/developer/msbuild/2003">
  <ItemGroup>
    <Filter Include="Source Files">
      <UniqueIdentifier>{4FC737F1-C7A5-4376-A066-2A32D752A2FF}</UniqueIdentifier>
      <Extensions>cpp;c;cc;cxx;def;odl;idl;hpj;bat;asm;asmx</Extensions>
    </Filter>
    <Filter Include="Header Files">
      <UniqueIdentifier>{93995380-89BD-4b04-88EB-625FBE52EBFB}</UniqueIdentifier>
      <Extensions>h;hpp;hxx;hm;inl;inc;xsd</Extensions>
    </Filter>
  </ItemGroup>
  <ItemGroup>
    <ClInclude Include="..\external\waveVK.lib\include\allocator_dedicated_vkpp.hpp">
      <Filter>Header Files</Filter>
    </ClInclude>
    <ClInclude Include="..\external\waveVK.lib\include\appbase_vkpp.hpp">
      <Filter>Header Files</Filter>
    </ClInclude>
    <ClInclude Include="..\external\waveVK.lib\include\commands_vkpp.hpp">
      <Filter>Header Files</Filter>
    </ClInclude>
    <ClInclude Include="..\external\waveVK.lib\include\debug_util_vkpp.hpp">
      <Filter>Header Files</Filter>
    </ClInclude>
    <ClInclude Include="..\external\waveVK.lib\include\descriptorsets_vkpp.hpp">
      <Filter>Header Files</Filter>
    </ClInclude>
    <ClInclude Include="..\external\waveVK.lib\include\nv_helpers_vk\BottomLevelASGenerator.h">
      <Filter>Header Files</Filter>
    </ClInclude>
    <ClInclude Include="..\external\waveVK.lib\include\nv_helpers_vk\DescriptorSetGenerator.h">
      <Filter>Header Files</Filter>
    </ClInclude>
    <ClInclude Include="..\external\waveVK.lib\include\nv_helpers_vk\RaytracingPipelineGenerator.h">
      <Filter>Header Files</Filter>
    </ClInclude>
    <ClInclude Include="..\external\waveVK.lib\include\nv_helpers_vk\ShaderBindingTableGenerator.h">
      <Filter>Header Files</Filter>
    </ClInclude>
    <ClInclude Include="..\external\waveVK.lib\include\nv_helpers_vk\TopLevelASGenerator.h">
      <Filter>Header Files</Filter>
    </ClInclude>
    <ClInclude Include="..\external\waveVK.lib\include\nv_helpers_vk\VKHelpers.h">
      <Filter>Header Files</Filter>
    </ClInclude>
    <ClInclude Include="..\external\waveVK.lib\include\obj_loader.h">
      <Filter>Header Files</Filter>
    </ClInclude>
    <ClInclude Include="..\external\waveVK.lib\include\pipeline_vkpp.hpp">
      <Filter>Header Files</Filter>
    </ClInclude>
    <ClInclude Include="..\external\waveVK.lib\include\raytrace_vkpp.hpp">
      <Filter>Header Files</Filter>
    </ClInclude>
    <ClInclude Include="..\external\waveVK.lib\include\renderpass_vkpp.hpp">
      <Filter>Header Files</Filter>
    </ClInclude>
    <ClInclude Include="..\external\waveVK.lib\include\stb_image.h">
      <Filter>Header Files</Filter>
    </ClInclude>
    <ClInclude Include="..\external\waveVK.lib\include\swapchain_vkpp.hpp">
      <Filter>Header Files</Filter>
    </ClInclude>
    <ClInclude Include="..\external\waveVK.lib\include\tiny_obj_loader.h">
      <Filter>Header Files</Filter>
    </ClInclude>
    <ClInclude Include="..\external\waveVK.lib\include\utilities_vkpp.hpp">
      <Filter>Header Files</Filter>
    </ClInclude>
    <ClInclude Include="..\external\waveVK.lib\include\utils.hpp">
      <Filter>Header Files</Filter>
    </ClInclude>
    <ClInclude Include="..\external\waveVK.lib\include\vks\allocation.hpp">
      <Filter>Header Files</Filter>
    </ClInclude>
    <ClInclude Include="..\external\waveVK.lib\include\vks\buffer.hpp">
      <Filter>Header Files</Filter>
    </ClInclude>
    <ClInclude Include="..\external\waveVK.lib\include\vks\context.hpp">
      <Filter>Header Files</Filter>
    </ClInclude>
    <ClInclude Include="..\external\waveVK.lib\include\vks\debug.hpp">
      <Filter>Header Files</Filter>
    </ClInclude>
    <ClInclude Include="..\external\waveVK.lib\include\vks\filesystem.hpp">
      <Filter>Header Files</Filter>
    </ClInclude>
    <ClInclude Include="..\external\waveVK.lib\include\vks\forward.hpp">
      <Filter>Header Files</Filter>
    </ClInclude>
    <ClInclude Include="..\external\waveVK.lib\include\vks\framebuffer.hpp">
      <Filter>Header Files</Filter>
    </ClInclude>
    <ClInclude Include="..\external\waveVK.lib\include\vks\framebuffer2.hpp">
      <Filter>Header Files</Filter>
    </ClInclude>
    <ClInclude Include="..\external\waveVK.lib\include\vks\frustum.hpp">
      <Filter>Header Files</Filter>
    </ClInclude>
    <ClInclude Include="..\external\waveVK.lib\include\vks\helpers.hpp">
      <Filter>Header Files</Filter>
    </ClInclude>
    <ClInclude Include="..\external\waveVK.lib\include\vks\image.hpp">
      <Filter>Header Files</Filter>
    </ClInclude>
    <ClInclude Include="..\external\waveVK.lib\include\vks\model.hpp">
      <Filter>Header Files</Filter>
    </ClInclude>
    <ClInclude Include="..\external\waveVK.lib\include\vks\offscreen.hpp">
      <Filter>Header Files</Filter>
    </ClInclude>
    <ClInclude Include="..\external\waveVK.lib\include\vks\pipelines.hpp">
      <Filter>Header Files</Filter>
    </ClInclude>
    <ClInclude Include="..\external\waveVK.lib\include\vks\renderpass.hpp">
      <Filter>Header Files</Filter>
    </ClInclude>
    <ClInclude Include="..\external\waveVK.lib\include\vks\shaders.hpp">
      <Filter>Header Files</Filter>
    </ClInclude>
    <ClInclude Include="..\external\waveVK.lib\include\vks\storage.hpp">
      <Filter>Header Files</Filter>
    </ClInclude>
    <ClInclude Include="..\external\waveVK.lib\include\vks\swapchain.hpp">
      <Filter>Header Files</Filter>
    </ClInclude>
    <ClInclude Include="..\external\waveVK.lib\include\vks\texture.hpp">
      <Filter>Header Files</Filter>
    </ClInclude>
    <ClInclude Include="..\external\waveVK.lib\include\vks\version.hpp">
      <Filter>Header Files</Filter>
    </ClInclude>
    <ClInclude Include="..\external\waveVK.lib\include\vks\vks.hpp">
      <Filter>Header Files</Filter>
    </ClInclude>
    <ClInclude Include="..\external\waveVK.lib\include\vks\vku.hpp">
      <Filter>Header Files</Filter>
    </ClInclude>
    <ClInclude Include="..\external\waveVK.lib\include\waveVK\waveVK.h">
      <Filter>Header Files</Filter>
    </ClInclude>
  </ItemGroup>
  <ItemGroup>
    <ClCompile Include="..\external\waveVK.lib\source\nv_helpers_vk\BottomLevelASGenerator.cpp">
      <Filter>Source Files</Filter>
    </ClCompile>
    <ClCompile Include="..\external\waveVK.lib\source\nv_helpers_vk\DescriptorSetGenerator.cpp">
      <Filter>Source Files</Filter>
    </ClCompile>
    <ClCompile Include="..\external\waveVK.lib\source\nv_helpers_vk\RaytracingPipelineGenerator.cpp">
      <Filter>Source Files</Filter>
    </ClCompile>
    <ClCompile Include="..\external\waveVK.lib\source\nv_helpers_vk\ShaderBindingTableGenerator.cpp">
      <Filter>Source Files</Filter>
    </ClCompile>
    <ClCompile Include="..\external\waveVK.lib\source\nv_helpers_vk\TopLevelASGenerator.cpp">
      <Filter>Source Files</Filter>
    </ClCompile>
    <ClCompile Include="..\external\waveVK.lib\source\nv_helpers_vk\VKHelpers.cpp">
      <Filter>Source Files</Filter>
    </ClCompile>
    <ClCompile Include="..\external\waveVK.lib\source\vulkan_raytracing.cpp">
      <Filter>Source Files</Filter>
    </ClCompile>
    <ClCompile Include="..\external\waveVK.lib\source\waveVK.cpp">
      <Filter>Source Files</Filter>
    </ClCompile>
  </ItemGroup>
</Project>